{
  "name": "client",
  "lockfileVersion": 2,
  "requires": true,
  "packages": {
    "": {
      "dependencies": {
        "server": "file:.."
      }
    },
    "..": {
      "version": "1.0.0",
      "license": "ISC",
      "dependencies": {
        "bcryptjs": "^2.4.3",
        "chalk": "^4.1.2",
        "config": "^3.3.7",
        "cors": "^2.8.5",
        "cross-env": "^7.0.3",
        "dotenv": "^16.0.1",
        "express": "^4.18.1",
        "express-validator": "^6.14.2",
        "jsonwebtoken": "^8.5.1",
        "moment": "^2.29.4",
        "mongoose": "^6.5.2"
      },
      "devDependencies": {
        "nodemon": "^2.0.19"
      },
      "engines": {
        "node": "16.x"
      }
    },
    "node_modules/server": {
      "resolved": "..",
      "link": true
    }
  },
  "dependencies": {
    "server": {
      "version": "file:..",
      "requires": {
        "bcryptjs": "^2.4.3",
        "chalk": "^4.1.2",
        "config": "^3.3.7",
        "cors": "^2.8.5",
        "cross-env": "^7.0.3",
        "dotenv": "^16.0.1",
        "express": "^4.18.1",
        "express-validator": "^6.14.2",
        "jsonwebtoken": "^8.5.1",
        "moment": "^2.29.4",
        "mongoose": "^6.5.2",
        "nodemon": "^2.0.19"
      }
    }
  }
}
